<?xml version="1.0" encoding="UTF-8"?>
<Scheme
   version = "1.3">
   <BuildAction>
      <BuildActionEntries>
         <BuildActionEntry
            buildForTesting = "YES">
            <BuildableReference
               BuildableIdentifier = "primary"
               BlueprintIdentifier = "757931204845FCE4E1005CB3"
               BuildableName = "SignalProducerExtensionsTests.xctest"
               BlueprintName = "SignalProducerExtensionsTests"
               ReferencedContainer = "container:SignalProducerExtensions.xcodeproj">
            </BuildableReference>
         </BuildActionEntry>
      </BuildActionEntries>
   </BuildAction>
   <TestAction
      buildConfiguration = "Debug">
      <Testables>
         <TestableReference>
            <BuildableReference
               BuildableIdentifier = "primary"
               BlueprintIdentifier = "757931204845FCE4E1005CB3"
               BuildableName = "SignalProducerExtensionsTests.xctest"
               BlueprintName = "SignalProducerExtensionsTests"
               ReferencedContainer = "container:SignalProducerExtensions.xcodeproj">
            </BuildableReference>
         </TestableReference>
      </Testables>
   </TestAction>
   <LaunchAction
      useCustomWorkingDirectory = "NO"
      allowLocationSimulation = "YES">
      <LocationScenarioReference
         identifier = "com.apple.dt.IDEFoundation.CurrentLocationScenarioIdentifier"
         referenceType = "1">
      </LocationScenarioReference>
   </LaunchAction>
</Scheme>
